PODS:
  - AFNetworking (4.0.1):
    - AFNetworking/NSURLSession (= 4.0.1)
    - AFNetworking/Reachability (= 4.0.1)
    - AFNetworking/Security (= 4.0.1)
    - AFNetworking/Serialization (= 4.0.1)
    - AFNetworking/UIKit (= 4.0.1)
  - AFNetworking/NSURLSession (4.0.1):
    - AFNetworking/Reachability
    - AFNetworking/Security
    - AFNetworking/Serialization
  - AFNetworking/Reachability (4.0.1)
  - AFNetworking/Security (4.0.1)
  - AFNetworking/Serialization (4.0.1)
  - AFNetworking/UIKit (4.0.1):
    - AFNetworking/NSURLSession
  - Kingfisher (8.3.2)

DEPENDENCIES:
  - AFNetworking (~> 4.0.1)
  - Kingfisher (~> 8.3.2)

SPEC REPOS:
  trunk:
    - AFNetworking
    - Kingfisher

SPEC CHECKSUMS:
  AFNetworking: 3bd23d814e976cd148d7d44c3ab78017b744cd58
  Kingfisher: 0621d0ac0c78fecb19f6dc5303bde2b52abaf2f5

PODFILE CHECKSUM: b89a2b8df26a2e5146064b80cd923d6d28f032fb

COCOAPODS: 1.16.2
